
Microsoft Visual Studio Solution File, Format Version 12.00
# Visual Studio Version 16
VisualStudioVersion = 16.0.30002.166
MinimumVisualStudioVersion = 10.0.40219.1
Project("{9A19103F-16F7-4668-BE54-9A1E7A4F7556}") = "CsharpTutorial", "CsharpTutorial\CsharpTutorial.csproj", "{BCA98BC6-F391-4DE7-8EAA-9C3B96BBC38F}"
EndProject
Project("{9A19103F-16F7-4668-BE54-9A1E7A4F7556}") = "Delegate", "Delegate\Delegate.csproj", "{203EA923-27ED-4A5F-99B8-7808344BC811}"
EndProject
Project("{9A19103F-16F7-4668-BE54-9A1E7A4F7556}") = "MultiCastDelegate", "MultiCastDelegate\MultiCastDelegate.csproj", "{B664AE3A-9F2C-4501-A26F-4C3EAF2339C9}"
EndProject
Project("{9A19103F-16F7-4668-BE54-9A1E7A4F7556}") = "ExceptionHandling", "ExceptionHandling\ExceptionHandling.csproj", "{335343B4-1552-4D63-981C-8906DC2A1916}"
EndProject
Project("{9A19103F-16F7-4668-BE54-9A1E7A4F7556}") = "Reflections", "Reflections\Reflections.csproj", "{7DCF4349-8897-474F-B9AD-1806F60A716E}"
EndProject
Project("{9A19103F-16F7-4668-BE54-9A1E7A4F7556}") = "PartialClassPractice", "PartialClassPractice\PartialClassPractice.csproj", "{9C9732B4-D542-4700-84D9-AADC781E5B71}"
EndProject
Project("{9A19103F-16F7-4668-BE54-9A1E7A4F7556}") = "Indexers", "Indexers\Indexers.csproj", "{8FBEB0EF-7C32-45B9-BB2D-6EA4D4F6FECE}"
EndProject
Project("{9A19103F-16F7-4668-BE54-9A1E7A4F7556}") = "OptionalParams", "OptionalParams\OptionalParams.csproj", "{8D2E6E86-5BA4-4767-B9DA-C44F230F6AF5}"
EndProject
Project("{9A19103F-16F7-4668-BE54-9A1E7A4F7556}") = "Dictionary", "Dictionary\Dictionary.csproj", "{16EA9F3E-9E4C-4334-B918-C0A46CA83E9F}"
EndProject
Project("{FAE04EC0-301F-11D3-BF4B-00C04F79EFBC}") = "DelegatePractice", "DelegatePractice\DelegatePractice.csproj", "{B0DFF86B-1EDB-48D6-8D5B-671A90DA3B89}"
EndProject
Project("{FAE04EC0-301F-11D3-BF4B-00C04F79EFBC}") = "Sort-List-Of-ComplexType", "Sort-List-Of-ComplexType\Sort-List-Of-ComplexType.csproj", "{169DEAF7-87D8-4BAE-A047-591963BC4A36}"
EndProject
Global
	GlobalSection(SolutionConfigurationPlatforms) = preSolution
		Debug|Any CPU = Debug|Any CPU
		Release|Any CPU = Release|Any CPU
	EndGlobalSection
	GlobalSection(ProjectConfigurationPlatforms) = postSolution
		{BCA98BC6-F391-4DE7-8EAA-9C3B96BBC38F}.Debug|Any CPU.ActiveCfg = Debug|Any CPU
		{BCA98BC6-F391-4DE7-8EAA-9C3B96BBC38F}.Debug|Any CPU.Build.0 = Debug|Any CPU
		{BCA98BC6-F391-4DE7-8EAA-9C3B96BBC38F}.Release|Any CPU.ActiveCfg = Release|Any CPU
		{BCA98BC6-F391-4DE7-8EAA-9C3B96BBC38F}.Release|Any CPU.Build.0 = Release|Any CPU
		{203EA923-27ED-4A5F-99B8-7808344BC811}.Debug|Any CPU.ActiveCfg = Debug|Any CPU
		{203EA923-27ED-4A5F-99B8-7808344BC811}.Debug|Any CPU.Build.0 = Debug|Any CPU
		{203EA923-27ED-4A5F-99B8-7808344BC811}.Release|Any CPU.ActiveCfg = Release|Any CPU
		{203EA923-27ED-4A5F-99B8-7808344BC811}.Release|Any CPU.Build.0 = Release|Any CPU
		{B664AE3A-9F2C-4501-A26F-4C3EAF2339C9}.Debug|Any CPU.ActiveCfg = Debug|Any CPU
		{B664AE3A-9F2C-4501-A26F-4C3EAF2339C9}.Debug|Any CPU.Build.0 = Debug|Any CPU
		{B664AE3A-9F2C-4501-A26F-4C3EAF2339C9}.Release|Any CPU.ActiveCfg = Release|Any CPU
		{B664AE3A-9F2C-4501-A26F-4C3EAF2339C9}.Release|Any CPU.Build.0 = Release|Any CPU
		{335343B4-1552-4D63-981C-8906DC2A1916}.Debug|Any CPU.ActiveCfg = Debug|Any CPU
		{335343B4-1552-4D63-981C-8906DC2A1916}.Debug|Any CPU.Build.0 = Debug|Any CPU
		{335343B4-1552-4D63-981C-8906DC2A1916}.Release|Any CPU.ActiveCfg = Release|Any CPU
		{335343B4-1552-4D63-981C-8906DC2A1916}.Release|Any CPU.Build.0 = Release|Any CPU
		{7DCF4349-8897-474F-B9AD-1806F60A716E}.Debug|Any CPU.ActiveCfg = Debug|Any CPU
		{7DCF4349-8897-474F-B9AD-1806F60A716E}.Debug|Any CPU.Build.0 = Debug|Any CPU
		{7DCF4349-8897-474F-B9AD-1806F60A716E}.Release|Any CPU.ActiveCfg = Release|Any CPU
		{7DCF4349-8897-474F-B9AD-1806F60A716E}.Release|Any CPU.Build.0 = Release|Any CPU
		{9C9732B4-D542-4700-84D9-AADC781E5B71}.Debug|Any CPU.ActiveCfg = Debug|Any CPU
		{9C9732B4-D542-4700-84D9-AADC781E5B71}.Debug|Any CPU.Build.0 = Debug|Any CPU
		{9C9732B4-D542-4700-84D9-AADC781E5B71}.Release|Any CPU.ActiveCfg = Release|Any CPU
		{9C9732B4-D542-4700-84D9-AADC781E5B71}.Release|Any CPU.Build.0 = Release|Any CPU
		{8FBEB0EF-7C32-45B9-BB2D-6EA4D4F6FECE}.Debug|Any CPU.ActiveCfg = Debug|Any CPU
		{8FBEB0EF-7C32-45B9-BB2D-6EA4D4F6FECE}.Debug|Any CPU.Build.0 = Debug|Any CPU
		{8FBEB0EF-7C32-45B9-BB2D-6EA4D4F6FECE}.Release|Any CPU.ActiveCfg = Release|Any CPU
		{8FBEB0EF-7C32-45B9-BB2D-6EA4D4F6FECE}.Release|Any CPU.Build.0 = Release|Any CPU
		{8D2E6E86-5BA4-4767-B9DA-C44F230F6AF5}.Debug|Any CPU.ActiveCfg = Debug|Any CPU
		{8D2E6E86-5BA4-4767-B9DA-C44F230F6AF5}.Debug|Any CPU.Build.0 = Debug|Any CPU
		{8D2E6E86-5BA4-4767-B9DA-C44F230F6AF5}.Release|Any CPU.ActiveCfg = Release|Any CPU
		{8D2E6E86-5BA4-4767-B9DA-C44F230F6AF5}.Release|Any CPU.Build.0 = Release|Any CPU
		{16EA9F3E-9E4C-4334-B918-C0A46CA83E9F}.Debug|Any CPU.ActiveCfg = Debug|Any CPU
		{16EA9F3E-9E4C-4334-B918-C0A46CA83E9F}.Debug|Any CPU.Build.0 = Debug|Any CPU
		{16EA9F3E-9E4C-4334-B918-C0A46CA83E9F}.Release|Any CPU.ActiveCfg = Release|Any CPU
		{16EA9F3E-9E4C-4334-B918-C0A46CA83E9F}.Release|Any CPU.Build.0 = Release|Any CPU
		{B0DFF86B-1EDB-48D6-8D5B-671A90DA3B89}.Debug|Any CPU.ActiveCfg = Debug|Any CPU
		{B0DFF86B-1EDB-48D6-8D5B-671A90DA3B89}.Debug|Any CPU.Build.0 = Debug|Any CPU
		{B0DFF86B-1EDB-48D6-8D5B-671A90DA3B89}.Release|Any CPU.ActiveCfg = Release|Any CPU
		{B0DFF86B-1EDB-48D6-8D5B-671A90DA3B89}.Release|Any CPU.Build.0 = Release|Any CPU
		{169DEAF7-87D8-4BAE-A047-591963BC4A36}.Debug|Any CPU.ActiveCfg = Debug|Any CPU
		{169DEAF7-87D8-4BAE-A047-591963BC4A36}.Debug|Any CPU.Build.0 = Debug|Any CPU
		{169DEAF7-87D8-4BAE-A047-591963BC4A36}.Release|Any CPU.ActiveCfg = Release|Any CPU
		{169DEAF7-87D8-4BAE-A047-591963BC4A36}.Release|Any CPU.Build.0 = Release|Any CPU
	EndGlobalSection
	GlobalSection(SolutionProperties) = preSolution
		HideSolutionNode = FALSE
	EndGlobalSection
	GlobalSection(ExtensibilityGlobals) = postSolution
		SolutionGuid = {773D2482-3142-478A-AED9-7D0629908DC6}
	EndGlobalSection
EndGlobal
